{
  "object": {
    "pins": [
      {
        "package": "CleevioCore",
        "repositoryURL": "git@gitlab.cleevio.cz:cleevio-dev-ios/CleevioCore.git",
        "state": {
          "branch": null,
          "revision": "90da629abb47cee15699394272776960da2598cc",
          "version": "1.0.0"
        }
      }
    ]
  },
  "version": 1
}
