{
  "object": {
    "pins": [
      {
        "package": "CleevioCore",
        "repositoryURL": "git@gitlab.cleevio.cz:cleevio-dev-ios/CleevioCore.git",
        "state": {
          "branch": null,
          "revision": "bf954d52568ada38301f4845427dce68c936a224",
          "version": "2.1.0"
        }
      }
    ]
  },
  "version": 1
}
