{
  "object": {
    "pins": [
      {
        "package": "CleevioCore",
        "repositoryURL": "git@gitlab.cleevio.cz:cleevio-dev-ios/CleevioCore.git",
        "state": {
          "branch": null,
          "revision": "cdc4f48b9412f67eee2678fc445a7a578c4972b7",
          "version": "2.1.1"
        }
      }
    ]
  },
  "version": 1
}
